# This file is automatically @generated by Cargo.
# It is not intended for manual editing.
version = 3

[[package]]
name = "byteorder"
version = "1.5.0"
source = "registry+https://github.com/rust-lang/crates.io-index"
checksum = "1fd0f2584146f6f2ef48085050886acf353beff7305ebd1ae69500e27c67f64b"

[[package]]
name = "cc"
version = "1.0.95"
source = "registry+https://github.com/rust-lang/crates.io-index"
checksum = "d32a725bc159af97c3e629873bb9f88fb8cf8a4867175f76dc987815ea07c83b"

[[package]]
name = "libc"
version = "0.2.153"
source = "registry+https://github.com/rust-lang/crates.io-index"
checksum = "9c198f91728a82281a64e1f4f9eeb25d82cb32a5de251c6bd1b5154d63a8e7bd"

[[package]]
name = "lz4"
version = "1.24.0"
source = "registry+https://github.com/rust-lang/crates.io-index"
checksum = "7e9e2dd86df36ce760a60f6ff6ad526f7ba1f14ba0356f8254fb6905e6494df1"
dependencies = [
 "libc",
 "lz4-sys",
]

[[package]]
name = "lz4-sys"
version = "1.9.4"
source = "registry+https://github.com/rust-lang/crates.io-index"
checksum = "57d27b317e207b10f69f5e75494119e391a96f48861ae870d1da6edac98ca900"
dependencies = [
 "cc",
 "libc",
]

[[package]]
name = "rustNX"
version = "0.1.0"
dependencies = [
 "byteorder",
 "lz4",
]
